// !$*UTF8*$!
{
	archiveVersion = 1;
	classes = {
	};
	objectVersion = 55;
	objects = {

/* Begin PBXBuildFile section */
		57546A74122403BD76611BC1 /* Pods_iConde.framework in Frameworks */ = {isa = PBXBuildFile; fileRef = 4CEDA9D372C5A12559FEBF28 /* Pods_iConde.framework */; };
		CE9FEC3928E6A7820024E3CE /* LoginViewController.swift in Sources */ = {isa = PBXBuildFile; fileRef = CE9FEC3828E6A7820024E3CE /* LoginViewController.swift */; };
		CECA547D28E6A37400460B2F /* AppDelegate.swift in Sources */ = {isa = PBXBuildFile; fileRef = CECA547C28E6A37400460B2F /* AppDelegate.swift */; };
		CECA547F28E6A37400460B2F /* SceneDelegate.swift in Sources */ = {isa = PBXBuildFile; fileRef = CECA547E28E6A37400460B2F /* SceneDelegate.swift */; };
		CECA548128E6A37400460B2F /* ViewController.swift in Sources */ = {isa = PBXBuildFile; fileRef = CECA548028E6A37400460B2F /* ViewController.swift */; };
		CECA548428E6A37400460B2F /* Main.storyboard in Resources */ = {isa = PBXBuildFile; fileRef = CECA548228E6A37400460B2F /* Main.storyboard */; };
		CECA548628E6A37500460B2F /* Assets.xcassets in Resources */ = {isa = PBXBuildFile; fileRef = CECA548528E6A37500460B2F /* Assets.xcassets */; };
		CECA548928E6A37500460B2F /* LaunchScreen.storyboard in Resources */ = {isa = PBXBuildFile; fileRef = CECA548728E6A37500460B2F /* LaunchScreen.storyboard */; };
/* End PBXBuildFile section */

/* Begin PBXFileReference section */
		3968C68D1590C0CBEC1C0DE5 /* Pods-iConde.debug.xcconfig */ = {isa = PBXFileReference; includeInIndex = 1; lastKnownFileType = text.xcconfig; name = "Pods-iConde.debug.xcconfig"; path = "Target Support Files/Pods-iConde/Pods-iConde.debug.xcconfig"; sourceTree = "<group>"; };
		4CEDA9D372C5A12559FEBF28 /* Pods_iConde.framework */ = {isa = PBXFileReference; explicitFileType = wrapper.framework; includeInIndex = 0; path = Pods_iConde.framework; sourceTree = BUILT_PRODUCTS_DIR; };
		CE9FEC3828E6A7820024E3CE /* LoginViewController.swift */ = {isa = PBXFileReference; lastKnownFileType = sourcecode.swift; path = LoginViewController.swift; sourceTree = "<group>"; };
		CECA547928E6A37400460B2F /* iConde.app */ = {isa = PBXFileReference; explicitFileType = wrapper.application; includeInIndex = 0; path = iConde.app; sourceTree = BUILT_PRODUCTS_DIR; };
		CECA547C28E6A37400460B2F /* AppDelegate.swift */ = {isa = PBXFileReference; lastKnownFileType = sourcecode.swift; path = AppDelegate.swift; sourceTree = "<group>"; };
		CECA547E28E6A37400460B2F /* SceneDelegate.swift */ = {isa = PBXFileReference; lastKnownFileType = sourcecode.swift; path = SceneDelegate.swift; sourceTree = "<group>"; };
		CECA548028E6A37400460B2F /* ViewController.swift */ = {isa = PBXFileReference; lastKnownFileType = sourcecode.swift; path = ViewController.swift; sourceTree = "<group>"; };
		CECA548328E6A37400460B2F /* Base */ = {isa = PBXFileReference; lastKnownFileType = file.storyboard; name = Base; path = Base.lproj/Main.storyboard; sourceTree = "<group>"; };
		CECA548528E6A37500460B2F /* Assets.xcassets */ = {isa = PBXFileReference; lastKnownFileType = folder.assetcatalog; path = Assets.xcassets; sourceTree = "<group>"; };
		CECA548828E6A37500460B2F /* Base */ = {isa = PBXFileReference; lastKnownFileType = file.storyboard; name = Base; path = Base.lproj/LaunchScreen.storyboard; sourceTree = "<group>"; };
		CECA548A28E6A37500460B2F /* Info.plist */ = {isa = PBXFileReference; lastKnownFileType = text.plist.xml; path = Info.plist; sourceTree = "<group>"; };
		F5A36B0634C368D7CF35FE1F /* Pods-iConde.release.xcconfig */ = {isa = PBXFileReference; includeInIndex = 1; lastKnownFileType = text.xcconfig; name = "Pods-iConde.release.xcconfig"; path = "Target Support Files/Pods-iConde/Pods-iConde.release.xcconfig"; sourceTree = "<group>"; };
/* End PBXFileReference section */

/* Begin PBXFrameworksBuildPhase section */
		CECA547628E6A37400460B2F /* Frameworks */ = {
			isa = PBXFrameworksBuildPhase;
			buildActionMask = 2147483647;
			files = (
				57546A74122403BD76611BC1 /* Pods_iConde.framework in Frameworks */,
			);
			runOnlyForDeploymentPostprocessing = 0;
		};
/* End PBXFrameworksBuildPhase section */

/* Begin PBXGroup section */
		400834A823EA0C602607F19B /* Frameworks */ = {
			isa = PBXGroup;
			children = (
				4CEDA9D372C5A12559FEBF28 /* Pods_iConde.framework */,
			);
			name = Frameworks;
			sourceTree = "<group>";
		};
		59BA9ECB0CFE655FDE5AB0BF /* Pods */ = {
			isa = PBXGroup;
			children = (
				3968C68D1590C0CBEC1C0DE5 /* Pods-iConde.debug.xcconfig */,
				F5A36B0634C368D7CF35FE1F /* Pods-iConde.release.xcconfig */,
			);
			path = Pods;
			sourceTree = "<group>";
		};
		CE9FEC3628E6A6CD0024E3CE /* Storyboard */ = {
			isa = PBXGroup;
			children = (
			);
			path = Storyboard;
			sourceTree = "<group>";
		};
		CE9FEC3728E6A72C0024E3CE /* Controller */ = {
			isa = PBXGroup;
			children = (
				CE9FEC3828E6A7820024E3CE /* LoginViewController.swift */,
			);
			path = Controller;
			sourceTree = "<group>";
		};
		CECA547028E6A37400460B2F = {
			isa = PBXGroup;
			children = (
				CECA547B28E6A37400460B2F /* iConde */,
				CECA547A28E6A37400460B2F /* Products */,
				59BA9ECB0CFE655FDE5AB0BF /* Pods */,
				400834A823EA0C602607F19B /* Frameworks */,
			);
			sourceTree = "<group>";
		};
		CECA547A28E6A37400460B2F /* Products */ = {
			isa = PBXGroup;
			children = (
				CECA547928E6A37400460B2F /* iConde.app */,
			);
			name = Products;
			sourceTree = "<group>";
		};
		CECA547B28E6A37400460B2F /* iConde */ = {
			isa = PBXGroup;
			children = (
				CE9FEC3728E6A72C0024E3CE /* Controller */,
				CE9FEC3628E6A6CD0024E3CE /* Storyboard */,
				CECA547C28E6A37400460B2F /* AppDelegate.swift */,
				CECA547E28E6A37400460B2F /* SceneDelegate.swift */,
				CECA548028E6A37400460B2F /* ViewController.swift */,
				CECA548228E6A37400460B2F /* Main.storyboard */,
				CECA548528E6A37500460B2F /* Assets.xcassets */,
				CECA548728E6A37500460B2F /* LaunchScreen.storyboard */,
				CECA548A28E6A37500460B2F /* Info.plist */,
			);
			path = iConde;
			sourceTree = "<group>";
		};
/* End PBXGroup section */

/* Begin PBXNativeTarget section */
		CECA547828E6A37400460B2F /* iConde */ = {
			isa = PBXNativeTarget;
			buildConfigurationList = CECA548D28E6A37500460B2F /* Build configuration list for PBXNativeTarget "iConde" */;
			buildPhases = (
				0D15E6AEADD2D7860ED77547 /* [CP] Check Pods Manifest.lock */,
				CECA547528E6A37400460B2F /* Sources */,
				CECA547628E6A37400460B2F /* Frameworks */,
				CECA547728E6A37400460B2F /* Resources */,
				4F01454950791191A66071D3 /* [CP] Embed Pods Frameworks */,
			);
			buildRules = (
			);
			dependencies = (
			);
			name = iConde;
			productName = iConde;
			productReference = CECA547928E6A37400460B2F /* iConde.app */;
			productType = "com.apple.product-type.application";
		};
/* End PBXNativeTarget section */

/* Begin PBXProject section */
		CECA547128E6A37400460B2F /* Project object */ = {
			isa = PBXProject;
			attributes = {
				BuildIndependentTargetsInParallel = 1;
				LastSwiftUpdateCheck = 1320;
				LastUpgradeCheck = 1320;
				TargetAttributes = {
					CECA547828E6A37400460B2F = {
						CreatedOnToolsVersion = 13.2.1;
					};
				};
			};
			buildConfigurationList = CECA547428E6A37400460B2F /* Build configuration list for PBXProject "iConde" */;
			compatibilityVersion = "Xcode 13.0";
			developmentRegion = en;
			hasScannedForEncodings = 0;
			knownRegions = (
				en,
				Base,
			);
			mainGroup = CECA547028E6A37400460B2F;
			productRefGroup = CECA547A28E6A37400460B2F /* Products */;
			projectDirPath = "";
			projectRoot = "";
			targets = (
				CECA547828E6A37400460B2F /* iConde */,
			);
		};
/* End PBXProject section */

/* Begin PBXResourcesBuildPhase section */
		CECA547728E6A37400460B2F /* Resources */ = {
			isa = PBXResourcesBuildPhase;
			buildActionMask = 2147483647;
			files = (
				CECA548928E6A37500460B2F /* LaunchScreen.storyboard in Resources */,
				CECA548628E6A37500460B2F /* Assets.xcassets in Resources */,
				CECA548428E6A37400460B2F /* Main.storyboard in Resources */,
			);
			runOnlyForDeploymentPostprocessing = 0;
		};
/* End PBXResourcesBuildPhase section */

/* Begin PBXShellScriptBuildPhase section */
		0D15E6AEADD2D7860ED77547 /* [CP] Check Pods Manifest.lock */ = {
			isa = PBXShellScriptBuildPhase;
			buildActionMask = 2147483647;
			files = (
			);
			inputFileListPaths = (
			);
			inputPaths = (
				"${PODS_PODFILE_DIR_PATH}/Podfile.lock",
				"${PODS_ROOT}/Manifest.lock",
			);
			name = "[CP] Check Pods Manifest.lock";
			outputFileListPaths = (
			);
			outputPaths = (
				"$(DERIVED_FILE_DIR)/Pods-iConde-checkManifestLockResult.txt",
			);
			runOnlyForDeploymentPostprocessing = 0;
			shellPath = /bin/sh;
			shellScript = "diff \"${PODS_PODFILE_DIR_PATH}/Podfile.lock\" \"${PODS_ROOT}/Manifest.lock\" > /dev/null\nif [ $? != 0 ] ; then\n    # print error to STDERR\n    echo \"error: The sandbox is not in sync with the Podfile.lock. Run 'pod install' or update your CocoaPods installation.\" >&2\n    exit 1\nfi\n# This output is used by Xcode 'outputs' to avoid re-running this script phase.\necho \"SUCCESS\" > \"${SCRIPT_OUTPUT_FILE_0}\"\n";
			showEnvVarsInLog = 0;
		};
		4F01454950791191A66071D3 /* [CP] Embed Pods Frameworks */ = {
			isa = PBXShellScriptBuildPhase;
			buildActionMask = 2147483647;
			files = (
			);
			inputFileListPaths = (
				"${PODS_ROOT}/Target Support Files/Pods-iConde/Pods-iConde-frameworks-${CONFIGURATION}-input-files.xcfilelist",
			);
			name = "[CP] Embed Pods Frameworks";
			outputFileListPaths = (
				"${PODS_ROOT}/Target Support Files/Pods-iConde/Pods-iConde-frameworks-${CONFIGURATION}-output-files.xcfilelist",
			);
			runOnlyForDeploymentPostprocessing = 0;
			shellPath = /bin/sh;
			shellScript = "\"${PODS_ROOT}/Target Support Files/Pods-iConde/Pods-iConde-frameworks.sh\"\n";
			showEnvVarsInLog = 0;
		};
/* End PBXShellScriptBuildPhase section */

/* Begin PBXSourcesBuildPhase section */
		CECA547528E6A37400460B2F /* Sources */ = {
			isa = PBXSourcesBuildPhase;
			buildActionMask = 2147483647;
			files = (
				CE9FEC3928E6A7820024E3CE /* LoginViewController.swift in Sources */,
				CECA548128E6A37400460B2F /* ViewController.swift in Sources */,
				CECA547D28E6A37400460B2F /* AppDelegate.swift in Sources */,
				CECA547F28E6A37400460B2F /* SceneDelegate.swift in Sources */,
			);
			runOnlyForDeploymentPostprocessing = 0;
		};
/* End PBXSourcesBuildPhase section */

/* Begin PBXVariantGroup section */
		CECA548228E6A37400460B2F /* Main.storyboard */ = {
			isa = PBXVariantGroup;
			children = (
				CECA548328E6A37400460B2F /* Base */,
			);
			name = Main.storyboard;
			sourceTree = "<group>";
		};
		CECA548728E6A37500460B2F /* LaunchScreen.storyboard */ = {
			isa = PBXVariantGroup;
			children = (
				CECA548828E6A37500460B2F /* Base */,
			);
			name = LaunchScreen.storyboard;
			sourceTree = "<group>";
		};
/* End PBXVariantGroup section */

/* Begin XCBuildConfiguration section */
		CECA548B28E6A37500460B2F /* Debug */ = {
			isa = XCBuildConfiguration;
			buildSettings = {
				ALWAYS_SEARCH_USER_PATHS = NO;
				CLANG_ANALYZER_NONNULL = YES;
				CLANG_ANALYZER_NUMBER_OBJECT_CONVERSION = YES_AGGRESSIVE;
				CLANG_CXX_LANGUAGE_STANDARD = "gnu++17";
				CLANG_CXX_LIBRARY = "libc++";
				CLANG_ENABLE_MODULES = YES;
				CLANG_ENABLE_OBJC_ARC = YES;
				CLANG_ENABLE_OBJC_WEAK = YES;
				CLANG_WARN_BLOCK_CAPTURE_AUTORELEASING = YES;
				CLANG_WARN_BOOL_CONVERSION = YES;
				CLANG_WARN_COMMA = YES;
				CLANG_WARN_CONSTANT_CONVERSION = YES;
				CLANG_WARN_DEPRECATED_OBJC_IMPLEMENTATIONS = YES;
				CLANG_WARN_DIRECT_OBJC_ISA_USAGE = YES_ERROR;
				CLANG_WARN_DOCUMENTATION_COMMENTS = YES;
				CLANG_WARN_EMPTY_BODY = YES;
				CLANG_WARN_ENUM_CONVERSION = YES;
				CLANG_WARN_INFINITE_RECURSION = YES;
				CLANG_WARN_INT_CONVERSION = YES;
				CLANG_WARN_NON_LITERAL_NULL_CONVERSION = YES;
				CLANG_WARN_OBJC_IMPLICIT_RETAIN_SELF = YES;
				CLANG_WARN_OBJC_LITERAL_CONVERSION = YES;
				CLANG_WARN_OBJC_ROOT_CLASS = YES_ERROR;
				CLANG_WARN_QUOTED_INCLUDE_IN_FRAMEWORK_HEADER = YES;
				CLANG_WARN_RANGE_LOOP_ANALYSIS = YES;
				CLANG_WARN_STRICT_PROTOTYPES = YES;
				CLANG_WARN_SUSPICIOUS_MOVE = YES;
				CLANG_WARN_UNGUARDED_AVAILABILITY = YES_AGGRESSIVE;
				CLANG_WARN_UNREACHABLE_CODE = YES;
				CLANG_WARN__DUPLICATE_METHOD_MATCH = YES;
				COPY_PHASE_STRIP = NO;
				DEBUG_INFORMATION_FORMAT = dwarf;
				ENABLE_STRICT_OBJC_MSGSEND = YES;
				ENABLE_TESTABILITY = YES;
				GCC_C_LANGUAGE_STANDARD = gnu11;
				GCC_DYNAMIC_NO_PIC = NO;
				GCC_NO_COMMON_BLOCKS = YES;
				GCC_OPTIMIZATION_LEVEL = 0;
				GCC_PREPROCESSOR_DEFINITIONS = (
					"DEBUG=1",
					"$(inherited)",
				);
				GCC_WARN_64_TO_32_BIT_CONVERSION = YES;
				GCC_WARN_ABOUT_RETURN_TYPE = YES_ERROR;
				GCC_WARN_UNDECLARED_SELECTOR = YES;
				GCC_WARN_UNINITIALIZED_AUTOS = YES_AGGRESSIVE;
				GCC_WARN_UNUSED_FUNCTION = YES;
				GCC_WARN_UNUSED_VARIABLE = YES;
				IPHONEOS_DEPLOYMENT_TARGET = 15.2;
				MTL_ENABLE_DEBUG_INFO = INCLUDE_SOURCE;
				MTL_FAST_MATH = YES;
				ONLY_ACTIVE_ARCH = YES;
				SDKROOT = iphoneos;
				SWIFT_ACTIVE_COMPILATION_CONDITIONS = DEBUG;
				SWIFT_OPTIMIZATION_LEVEL = "-Onone";
			};
			name = Debug;
		};
		CECA548C28E6A37500460B2F /* Release */ = {
			isa = XCBuildConfiguration;
			buildSettings = {
				ALWAYS_SEARCH_USER_PATHS = NO;
				CLANG_ANALYZER_NONNULL = YES;
				CLANG_ANALYZER_NUMBER_OBJECT_CONVERSION = YES_AGGRESSIVE;
				CLANG_CXX_LANGUAGE_STANDARD = "gnu++17";
				CLANG_CXX_LIBRARY = "libc++";
				CLANG_ENABLE_MODULES = YES;
				CLANG_ENABLE_OBJC_ARC = YES;
				CLANG_ENABLE_OBJC_WEAK = YES;
				CLANG_WARN_BLOCK_CAPTURE_AUTORELEASING = YES;
				CLANG_WARN_BOOL_CONVERSION = YES;
				CLANG_WARN_COMMA = YES;
				CLANG_WARN_CONSTANT_CONVERSION = YES;
				CLANG_WARN_DEPRECATED_OBJC_IMPLEMENTATIONS = YES;
				CLANG_WARN_DIRECT_OBJC_ISA_USAGE = YES_ERROR;
				CLANG_WARN_DOCUMENTATION_COMMENTS = YES;
				CLANG_WARN_EMPTY_BODY = YES;
				CLANG_WARN_ENUM_CONVERSION = YES;
				CLANG_WARN_INFINITE_RECURSION = YES;
				CLANG_WARN_INT_CONVERSION = YES;
				CLANG_WARN_NON_LITERAL_NULL_CONVERSION = YES;
				CLANG_WARN_OBJC_IMPLICIT_RETAIN_SELF = YES;
				CLANG_WARN_OBJC_LITERAL_CONVERSION = YES;
				CLANG_WARN_OBJC_ROOT_CLASS = YES_ERROR;
				CLANG_WARN_QUOTED_INCLUDE_IN_FRAMEWORK_HEADER = YES;
				CLANG_WARN_RANGE_LOOP_ANALYSIS = YES;
				CLANG_WARN_STRICT_PROTOTYPES = YES;
				CLANG_WARN_SUSPICIOUS_MOVE = YES;
				CLANG_WARN_UNGUARDED_AVAILABILITY = YES_AGGRESSIVE;
				CLANG_WARN_UNREACHABLE_CODE = YES;
				CLANG_WARN__DUPLICATE_METHOD_MATCH = YES;
				COPY_PHASE_STRIP = NO;
				DEBUG_INFORMATION_FORMAT = "dwarf-with-dsym";
				ENABLE_NS_ASSERTIONS = NO;
				ENABLE_STRICT_OBJC_MSGSEND = YES;
				GCC_C_LANGUAGE_STANDARD = gnu11;
				GCC_NO_COMMON_BLOCKS = YES;
				GCC_WARN_64_TO_32_BIT_CONVERSION = YES;
				GCC_WARN_ABOUT_RETURN_TYPE = YES_ERROR;
				GCC_WARN_UNDECLARED_SELECTOR = YES;
				GCC_WARN_UNINITIALIZED_AUTOS = YES_AGGRESSIVE;
				GCC_WARN_UNUSED_FUNCTION = YES;
				GCC_WARN_UNUSED_VARIABLE = YES;
				IPHONEOS_DEPLOYMENT_TARGET = 15.2;
				MTL_ENABLE_DEBUG_INFO = NO;
				MTL_FAST_MATH = YES;
				SDKROOT = iphoneos;
				SWIFT_COMPILATION_MODE = wholemodule;
				SWIFT_OPTIMIZATION_LEVEL = "-O";
				VALIDATE_PRODUCT = YES;
			};
			name = Release;
		};
		CECA548E28E6A37500460B2F /* Debug */ = {
			isa = XCBuildConfiguration;
			baseConfigurationReference = 3968C68D1590C0CBEC1C0DE5 /* Pods-iConde.debug.xcconfig */;
			buildSettings = {
				ASSETCATALOG_COMPILER_APPICON_NAME = AppIcon;
				ASSETCATALOG_COMPILER_GLOBAL_ACCENT_COLOR_NAME = AccentColor;
				CODE_SIGN_STYLE = Automatic;
				CURRENT_PROJECT_VERSION = 1;
				DEVELOPMENT_TEAM = 9KGQ64R67F;
				GENERATE_INFOPLIST_FILE = YES;
				INFOPLIST_FILE = iConde/Info.plist;
				INFOPLIST_KEY_UIApplicationSupportsIndirectInputEvents = YES;
				INFOPLIST_KEY_UILaunchStoryboardName = LaunchScreen;
				INFOPLIST_KEY_UIMainStoryboardFile = Main;
				INFOPLIST_KEY_UISupportedInterfaceOrientations_iPad = "UIInterfaceOrientationPortrait UIInterfaceOrientationPortraitUpsideDown UIInterfaceOrientationLandscapeLeft UIInterfaceOrientationLandscapeRight";
				INFOPLIST_KEY_UISupportedInterfaceOrientations_iPhone = "UIInterfaceOrientationPortrait UIInterfaceOrientationLandscapeLeft UIInterfaceOrientationLandscapeRight";
				LD_RUNPATH_SEARCH_PATHS = (
					"$(inherited)",
					"@executable_path/Frameworks",
				);
				MARKETING_VERSION = 1.0;
				PRODUCT_BUNDLE_IDENTIFIER = com.iconde.iConde;
				PRODUCT_NAME = "$(TARGET_NAME)";
				SWIFT_EMIT_LOC_STRINGS = YES;
				SWIFT_VERSION = 5.0;
				TARGETED_DEVICE_FAMILY = "1,2";
			};
			name = Debug;
		};
		CECA548F28E6A37500460B2F /* Release */ = {
			isa = XCBuildConfiguration;
			baseConfigurationReference = F5A36B0634C368D7CF35FE1F /* Pods-iConde.release.xcconfig */;
			buildSettings = {
				ASSETCATALOG_COMPILER_APPICON_NAME = AppIcon;
				ASSETCATALOG_COMPILER_GLOBAL_ACCENT_COLOR_NAME = AccentColor;
				CODE_SIGN_STYLE = Automatic;
				CURRENT_PROJECT_VERSION = 1;
				DEVELOPMENT_TEAM = 9KGQ64R67F;
				GENERATE_INFOPLIST_FILE = YES;
				INFOPLIST_FILE = iConde/Info.plist;
				INFOPLIST_KEY_UIApplicationSupportsIndirectInputEvents = YES;
				INFOPLIST_KEY_UILaunchStoryboardName = LaunchScreen;
				INFOPLIST_KEY_UIMainStoryboardFile = Main;
				INFOPLIST_KEY_UISupportedInterfaceOrientations_iPad = "UIInterfaceOrientationPortrait UIInterfaceOrientationPortraitUpsideDown UIInterfaceOrientationLandscapeLeft UIInterfaceOrientationLandscapeRight";
				INFOPLIST_KEY_UISupportedInterfaceOrientations_iPhone = "UIInterfaceOrientationPortrait UIInterfaceOrientationLandscapeLeft UIInterfaceOrientationLandscapeRight";
				LD_RUNPATH_SEARCH_PATHS = (
					"$(inherited)",
					"@executable_path/Frameworks",
				);
				MARKETING_VERSION = 1.0;
				PRODUCT_BUNDLE_IDENTIFIER = com.iconde.iConde;
				PRODUCT_NAME = "$(TARGET_NAME)";
				SWIFT_EMIT_LOC_STRINGS = YES;
				SWIFT_VERSION = 5.0;
				TARGETED_DEVICE_FAMILY = "1,2";
			};
			name = Release;
		};
/* End XCBuildConfiguration section */

/* Begin XCConfigurationList section */
		CECA547428E6A37400460B2F /* Build configuration list for PBXProject "iConde" */ = {
			isa = XCConfigurationList;
			buildConfigurations = (
				CECA548B28E6A37500460B2F /* Debug */,
				CECA548C28E6A37500460B2F /* Release */,
			);
			defaultConfigurationIsVisible = 0;
			defaultConfigurationName = Release;
		};
		CECA548D28E6A37500460B2F /* Build configuration list for PBXNativeTarget "iConde" */ = {
			isa = XCConfigurationList;
			buildConfigurations = (
				CECA548E28E6A37500460B2F /* Debug */,
				CECA548F28E6A37500460B2F /* Release */,
			);
			defaultConfigurationIsVisible = 0;
			defaultConfigurationName = Release;
		};
/* End XCConfigurationList section */
	};
	rootObject = CECA547128E6A37400460B2F /* Project object */;
}
